
Microsoft Visual Studio Solution File, Format Version 12.00
# Visual Studio 2017
Project("{FAE04EC0-301F-11D3-BF4B-00C04F79EFBC}") = "learnUnity", "learnUnity.csproj", "{81A651E9-ECBA-41A3-DCFC-0427DE423894}"
EndProject
Project("{FAE04EC0-301F-11D3-BF4B-00C04F79EFBC}") = "learnUnity.Editor", "learnUnity.Editor.csproj", "{2FE31559-E2DF-3162-266C-668A1C5C578F}"
EndProject
Global
	GlobalSection(SolutionConfigurationPlatforms) = preSolution
		Debug|Any CPU = Debug|Any CPU
		Release|Any CPU = Release|Any CPU
	EndGlobalSection
	GlobalSection(ProjectConfigurationPlatforms) = postSolution
		{81A651E9-ECBA-41A3-DCFC-0427DE423894}.Debug|Any CPU.ActiveCfg = Debug|Any CPU
		{81A651E9-ECBA-41A3-DCFC-0427DE423894}.Debug|Any CPU.Build.0 = Debug|Any CPU
		{81A651E9-ECBA-41A3-DCFC-0427DE423894}.Release|Any CPU.ActiveCfg = Release|Any CPU
		{81A651E9-ECBA-41A3-DCFC-0427DE423894}.Release|Any CPU.Build.0 = Release|Any CPU
		{2FE31559-E2DF-3162-266C-668A1C5C578F}.Debug|Any CPU.ActiveCfg = Debug|Any CPU
		{2FE31559-E2DF-3162-266C-668A1C5C578F}.Debug|Any CPU.Build.0 = Debug|Any CPU
		{2FE31559-E2DF-3162-266C-668A1C5C578F}.Release|Any CPU.ActiveCfg = Release|Any CPU
		{2FE31559-E2DF-3162-266C-668A1C5C578F}.Release|Any CPU.Build.0 = Release|Any CPU
	EndGlobalSection
	GlobalSection(SolutionProperties) = preSolution
		HideSolutionNode = FALSE
	EndGlobalSection
EndGlobal
